github.com/RijksICTGilde/hugo-theme-ro v0.0.0-20260309104322-5c7f4589582e h1:DPKkzaEuHnHcZwp2/AgmpXLVPzNQBuZk/Lub+VT1tdM=
github.com/RijksICTGilde/hugo-theme-ro v0.0.0-20260309104322-5c7f4589582e/go.mod h1:hrJIcLHsXrRtsUtnZg0TT64mCd90wkqS/UAFNrRvyR8=
github.com/RijksICTGilde/hugo-theme-ro v0.0.0-20260310121009-9878e8d308fe h1:ihdGhUMd3sqJQeulY17Yoi+QOdzPUJczuhzrOxW4jNo=
github.com/RijksICTGilde/hugo-theme-ro v0.0.0-20260310121009-9878e8d308fe/go.mod h1:hrJIcLHsXrRtsUtnZg0TT64mCd90wkqS/UAFNrRvyR8=
