github.com/RijksICTGilde/hugo-theme-ro v0.0.0-20260304175336-fc042aca2be7 h1:qU4ePoGFq9FlVnd9H8Ae0Ru6FkK7UDS/G2p7zUSg8Rs=
github.com/RijksICTGilde/hugo-theme-ro v0.0.0-20260304175336-fc042aca2be7/go.mod h1:hrJIcLHsXrRtsUtnZg0TT64mCd90wkqS/UAFNrRvyR8=
github.com/RijksICTGilde/hugo-theme-ro v0.0.0-20260305072759-dfbfc9cf0354 h1:F+YX/tKV9Wln1U1ZJLjDcAlOtxyJdsmAk3qbZpJMA9o=
github.com/RijksICTGilde/hugo-theme-ro v0.0.0-20260305072759-dfbfc9cf0354/go.mod h1:hrJIcLHsXrRtsUtnZg0TT64mCd90wkqS/UAFNrRvyR8=
github.com/RijksICTGilde/hugo-theme-ro v0.0.0-20260305075105-00ba14eb30b9 h1:B+D8+DeS+D+SwU/UOKIxpcIv3wZofi10neMQuAviwXc=
github.com/RijksICTGilde/hugo-theme-ro v0.0.0-20260305075105-00ba14eb30b9/go.mod h1:hrJIcLHsXrRtsUtnZg0TT64mCd90wkqS/UAFNrRvyR8=
github.com/RijksICTGilde/hugo-theme-ro v0.0.0-20260305075806-892722ec016f h1:GGbjnTnAMYpsveEUG0mXcl+uUHx7V5yhMqp3GQO3CMg=
github.com/RijksICTGilde/hugo-theme-ro v0.0.0-20260305075806-892722ec016f/go.mod h1:hrJIcLHsXrRtsUtnZg0TT64mCd90wkqS/UAFNrRvyR8=
